
Microsoft Visual Studio Solution File, Format Version 12.00
# Visual Studio Version 16
VisualStudioVersion = 16.0.808.3
MinimumVisualStudioVersion = 10.0.40219.1
Project("{FAE04EC0-301F-11D3-BF4B-00C04F79EFBC}") = "LernsiegBackend", "LernsiegBackend\LernsiegBackend.csproj", "{913BEB06-5C64-48D2-993A-4D48124F5E0C}"
EndProject
Project("{FAE04EC0-301F-11D3-BF4B-00C04F79EFBC}") = "LernsiegDbLib", "LernsiegDbLib\LernsiegDbLib.csproj", "{E03036E8-C37E-4C37-B12E-03B762A09ABB}"
EndProject
Global
	GlobalSection(SolutionConfigurationPlatforms) = preSolution
		Debug|Any CPU = Debug|Any CPU
		Release|Any CPU = Release|Any CPU
	EndGlobalSection
	GlobalSection(ProjectConfigurationPlatforms) = postSolution
		{913BEB06-5C64-48D2-993A-4D48124F5E0C}.Debug|Any CPU.ActiveCfg = Debug|Any CPU
		{913BEB06-5C64-48D2-993A-4D48124F5E0C}.Debug|Any CPU.Build.0 = Debug|Any CPU
		{913BEB06-5C64-48D2-993A-4D48124F5E0C}.Release|Any CPU.ActiveCfg = Release|Any CPU
		{913BEB06-5C64-48D2-993A-4D48124F5E0C}.Release|Any CPU.Build.0 = Release|Any CPU
		{E03036E8-C37E-4C37-B12E-03B762A09ABB}.Debug|Any CPU.ActiveCfg = Debug|Any CPU
		{E03036E8-C37E-4C37-B12E-03B762A09ABB}.Debug|Any CPU.Build.0 = Debug|Any CPU
		{E03036E8-C37E-4C37-B12E-03B762A09ABB}.Release|Any CPU.ActiveCfg = Release|Any CPU
		{E03036E8-C37E-4C37-B12E-03B762A09ABB}.Release|Any CPU.Build.0 = Release|Any CPU
	EndGlobalSection
	GlobalSection(SolutionProperties) = preSolution
		HideSolutionNode = FALSE
	EndGlobalSection
	GlobalSection(ExtensibilityGlobals) = postSolution
		SolutionGuid = {269DB8AE-91D3-4A07-ABA5-CCF89725DD1E}
	EndGlobalSection
EndGlobal
